// !$*UTF8*$!
{
	archiveVersion = 1;
	classes = {
	};
	objectVersion = 46;
	objects = {

/* Begin PBXBuildFile section */
		C190488C1E355AFB00C1BE8C /* main.m in Sources */ = {isa = PBXBuildFile; fileRef = C190488B1E355AFB00C1BE8C /* main.m */; };
		C190488F1E355AFB00C1BE8C /* AppDelegate.m in Sources */ = {isa = PBXBuildFile; fileRef = C190488E1E355AFB00C1BE8C /* AppDelegate.m */; };
		C19048921E355AFB00C1BE8C /* ViewController.m in Sources */ = {isa = PBXBuildFile; fileRef = C19048911E355AFB00C1BE8C /* ViewController.m */; };
		C19048951E355AFB00C1BE8C /* Main.storyboard in Resources */ = {isa = PBXBuildFile; fileRef = C19048931E355AFB00C1BE8C /* Main.storyboard */; };
		C19048971E355AFB00C1BE8C /* Assets.xcassets in Resources */ = {isa = PBXBuildFile; fileRef = C19048961E355AFB00C1BE8C /* Assets.xcassets */; };
		C190489A1E355AFB00C1BE8C /* LaunchScreen.storyboard in Resources */ = {isa = PBXBuildFile; fileRef = C19048981E355AFB00C1BE8C /* LaunchScreen.storyboard */; };
		C19048A31E35627D00C1BE8C /* SettingsViewController.m in Sources */ = {isa = PBXBuildFile; fileRef = C19048A21E35627D00C1BE8C /* SettingsViewController.m */; };
/* End PBXBuildFile section */

/* Begin PBXFileReference section */
		C19048871E355AFB00C1BE8C /* tipViewController.app */ = {isa = PBXFileReference; explicitFileType = wrapper.application; includeInIndex = 0; path = tipViewController.app; sourceTree = BUILT_PRODUCTS_DIR; };
		C190488B1E355AFB00C1BE8C /* main.m */ = {isa = PBXFileReference; lastKnownFileType = sourcecode.c.objc; path = main.m; sourceTree = "<group>"; };
		C190488D1E355AFB00C1BE8C /* AppDelegate.h */ = {isa = PBXFileReference; lastKnownFileType = sourcecode.c.h; path = AppDelegate.h; sourceTree = "<group>"; };
		C190488E1E355AFB00C1BE8C /* AppDelegate.m */ = {isa = PBXFileReference; lastKnownFileType = sourcecode.c.objc; path = AppDelegate.m; sourceTree = "<group>"; };
		C19048901E355AFB00C1BE8C /* ViewController.h */ = {isa = PBXFileReference; lastKnownFileType = sourcecode.c.h; path = ViewController.h; sourceTree = "<group>"; };
		C19048911E355AFB00C1BE8C /* ViewController.m */ = {isa = PBXFileReference; lastKnownFileType = sourcecode.c.objc; path = ViewController.m; sourceTree = "<group>"; };
		C19048941E355AFB00C1BE8C /* Base */ = {isa = PBXFileReference; lastKnownFileType = file.storyboard; name = Base; path = Base.lproj/Main.storyboard; sourceTree = "<group>"; };
		C19048961E355AFB00C1BE8C /* Assets.xcassets */ = {isa = PBXFileReference; lastKnownFileType = folder.assetcatalog; path = Assets.xcassets; sourceTree = "<group>"; };
		C19048991E355AFB00C1BE8C /* Base */ = {isa = PBXFileReference; lastKnownFileType = file.storyboard; name = Base; path = Base.lproj/LaunchScreen.storyboard; sourceTree = "<group>"; };
		C190489B1E355AFB00C1BE8C /* Info.plist */ = {isa = PBXFileReference; lastKnownFileType = text.plist.xml; path = Info.plist; sourceTree = "<group>"; };
		C19048A11E35627D00C1BE8C /* SettingsViewController.h */ = {isa = PBXFileReference; fileEncoding = 4; lastKnownFileType = sourcecode.c.h; name = SettingsViewController.h; path = ../SettingsViewController.h; sourceTree = "<group>"; };
		C19048A21E35627D00C1BE8C /* SettingsViewController.m */ = {isa = PBXFileReference; fileEncoding = 4; lastKnownFileType = sourcecode.c.objc; name = SettingsViewController.m; path = ../SettingsViewController.m; sourceTree = "<group>"; };
/* End PBXFileReference section */

/* Begin PBXFrameworksBuildPhase section */
		C19048841E355AFB00C1BE8C /* Frameworks */ = {
			isa = PBXFrameworksBuildPhase;
			buildActionMask = 2147483647;
			files = (
			);
			runOnlyForDeploymentPostprocessing = 0;
		};
/* End PBXFrameworksBuildPhase section */

/* Begin PBXGroup section */
		C190487E1E355AFB00C1BE8C = {
			isa = PBXGroup;
			children = (
				C19048891E355AFB00C1BE8C /* tipViewController */,
				C19048881E355AFB00C1BE8C /* Products */,
			);
			sourceTree = "<group>";
		};
		C19048881E355AFB00C1BE8C /* Products */ = {
			isa = PBXGroup;
			children = (
				C19048871E355AFB00C1BE8C /* tipViewController.app */,
			);
			name = Products;
			sourceTree = "<group>";
		};
		C19048891E355AFB00C1BE8C /* tipViewController */ = {
			isa = PBXGroup;
			children = (
				C19048A21E35627D00C1BE8C /* SettingsViewController.m */,
				C19048A11E35627D00C1BE8C /* SettingsViewController.h */,
				C190488D1E355AFB00C1BE8C /* AppDelegate.h */,
				C190488E1E355AFB00C1BE8C /* AppDelegate.m */,
				C19048901E355AFB00C1BE8C /* ViewController.h */,
				C19048911E355AFB00C1BE8C /* ViewController.m */,
				C19048931E355AFB00C1BE8C /* Main.storyboard */,
				C19048961E355AFB00C1BE8C /* Assets.xcassets */,
				C19048981E355AFB00C1BE8C /* LaunchScreen.storyboard */,
				C190489B1E355AFB00C1BE8C /* Info.plist */,
				C190488A1E355AFB00C1BE8C /* Supporting Files */,
			);
			path = tipViewController;
			sourceTree = "<group>";
		};
		C190488A1E355AFB00C1BE8C /* Supporting Files */ = {
			isa = PBXGroup;
			children = (
				C190488B1E355AFB00C1BE8C /* main.m */,
			);
			name = "Supporting Files";
			sourceTree = "<group>";
		};
/* End PBXGroup section */

/* Begin PBXNativeTarget section */
		C19048861E355AFB00C1BE8C /* tipViewController */ = {
			isa = PBXNativeTarget;
			buildConfigurationList = C190489E1E355AFB00C1BE8C /* Build configuration list for PBXNativeTarget "tipViewController" */;
			buildPhases = (
				C19048831E355AFB00C1BE8C /* Sources */,
				C19048841E355AFB00C1BE8C /* Frameworks */,
				C19048851E355AFB00C1BE8C /* Resources */,
			);
			buildRules = (
			);
			dependencies = (
			);
			name = tipViewController;
			productName = tipViewController;
			productReference = C19048871E355AFB00C1BE8C /* tipViewController.app */;
			productType = "com.apple.product-type.application";
		};
/* End PBXNativeTarget section */

/* Begin PBXProject section */
		C190487F1E355AFB00C1BE8C /* Project object */ = {
			isa = PBXProject;
			attributes = {
				LastUpgradeCheck = 0820;
				ORGANIZATIONNAME = "Y.CORP.YAHOO.COM\\willthai";
				TargetAttributes = {
					C19048861E355AFB00C1BE8C = {
						CreatedOnToolsVersion = 8.2.1;
						ProvisioningStyle = Automatic;
					};
				};
			};
			buildConfigurationList = C19048821E355AFB00C1BE8C /* Build configuration list for PBXProject "tipViewController" */;
			compatibilityVersion = "Xcode 3.2";
			developmentRegion = English;
			hasScannedForEncodings = 0;
			knownRegions = (
				en,
				Base,
			);
			mainGroup = C190487E1E355AFB00C1BE8C;
			productRefGroup = C19048881E355AFB00C1BE8C /* Products */;
			projectDirPath = "";
			projectRoot = "";
			targets = (
				C19048861E355AFB00C1BE8C /* tipViewController */,
			);
		};
/* End PBXProject section */

/* Begin PBXResourcesBuildPhase section */
		C19048851E355AFB00C1BE8C /* Resources */ = {
			isa = PBXResourcesBuildPhase;
			buildActionMask = 2147483647;
			files = (
				C190489A1E355AFB00C1BE8C /* LaunchScreen.storyboard in Resources */,
				C19048971E355AFB00C1BE8C /* Assets.xcassets in Resources */,
				C19048951E355AFB00C1BE8C /* Main.storyboard in Resources */,
			);
			runOnlyForDeploymentPostprocessing = 0;
		};
/* End PBXResourcesBuildPhase section */

/* Begin PBXSourcesBuildPhase section */
		C19048831E355AFB00C1BE8C /* Sources */ = {
			isa = PBXSourcesBuildPhase;
			buildActionMask = 2147483647;
			files = (
				C19048921E355AFB00C1BE8C /* ViewController.m in Sources */,
				C190488F1E355AFB00C1BE8C /* AppDelegate.m in Sources */,
				C190488C1E355AFB00C1BE8C /* main.m in Sources */,
				C19048A31E35627D00C1BE8C /* SettingsViewController.m in Sources */,
			);
			runOnlyForDeploymentPostprocessing = 0;
		};
/* End PBXSourcesBuildPhase section */

/* Begin PBXVariantGroup section */
		C19048931E355AFB00C1BE8C /* Main.storyboard */ = {
			isa = PBXVariantGroup;
			children = (
				C19048941E355AFB00C1BE8C /* Base */,
			);
			name = Main.storyboard;
			sourceTree = "<group>";
		};
		C19048981E355AFB00C1BE8C /* LaunchScreen.storyboard */ = {
			isa = PBXVariantGroup;
			children = (
				C19048991E355AFB00C1BE8C /* Base */,
			);
			name = LaunchScreen.storyboard;
			sourceTree = "<group>";
		};
/* End PBXVariantGroup section */

/* Begin XCBuildConfiguration section */
		C190489C1E355AFB00C1BE8C /* Debug */ = {
			isa = XCBuildConfiguration;
			buildSettings = {
				ALWAYS_SEARCH_USER_PATHS = NO;
				CLANG_ANALYZER_NONNULL = YES;
				CLANG_CXX_LANGUAGE_STANDARD = "gnu++0x";
				CLANG_CXX_LIBRARY = "libc++";
				CLANG_ENABLE_MODULES = YES;
				CLANG_ENABLE_OBJC_ARC = YES;
				CLANG_WARN_BOOL_CONVERSION = YES;
				CLANG_WARN_CONSTANT_CONVERSION = YES;
				CLANG_WARN_DIRECT_OBJC_ISA_USAGE = YES_ERROR;
				CLANG_WARN_DOCUMENTATION_COMMENTS = YES;
				CLANG_WARN_EMPTY_BODY = YES;
				CLANG_WARN_ENUM_CONVERSION = YES;
				CLANG_WARN_INFINITE_RECURSION = YES;
				CLANG_WARN_INT_CONVERSION = YES;
				CLANG_WARN_OBJC_ROOT_CLASS = YES_ERROR;
				CLANG_WARN_SUSPICIOUS_MOVE = YES;
				CLANG_WARN_UNREACHABLE_CODE = YES;
				CLANG_WARN__DUPLICATE_METHOD_MATCH = YES;
				"CODE_SIGN_IDENTITY[sdk=iphoneos*]" = "iPhone Developer";
				COPY_PHASE_STRIP = NO;
				DEBUG_INFORMATION_FORMAT = dwarf;
				ENABLE_STRICT_OBJC_MSGSEND = YES;
				ENABLE_TESTABILITY = YES;
				GCC_C_LANGUAGE_STANDARD = gnu99;
				GCC_DYNAMIC_NO_PIC = NO;
				GCC_NO_COMMON_BLOCKS = YES;
				GCC_OPTIMIZATION_LEVEL = 0;
				GCC_PREPROCESSOR_DEFINITIONS = (
					"DEBUG=1",
					"$(inherited)",
				);
				GCC_WARN_64_TO_32_BIT_CONVERSION = YES;
				GCC_WARN_ABOUT_RETURN_TYPE = YES_ERROR;
				GCC_WARN_UNDECLARED_SELECTOR = YES;
				GCC_WARN_UNINITIALIZED_AUTOS = YES_AGGRESSIVE;
				GCC_WARN_UNUSED_FUNCTION = YES;
				GCC_WARN_UNUSED_VARIABLE = YES;
				IPHONEOS_DEPLOYMENT_TARGET = 10.2;
				MTL_ENABLE_DEBUG_INFO = YES;
				ONLY_ACTIVE_ARCH = YES;
				SDKROOT = iphoneos;
			};
			name = Debug;
		};
		C190489D1E355AFB00C1BE8C /* Release */ = {
			isa = XCBuildConfiguration;
			buildSettings = {
				ALWAYS_SEARCH_USER_PATHS = NO;
				CLANG_ANALYZER_NONNULL = YES;
				CLANG_CXX_LANGUAGE_STANDARD = "gnu++0x";
				CLANG_CXX_LIBRARY = "libc++";
				CLANG_ENABLE_MODULES = YES;
				CLANG_ENABLE_OBJC_ARC = YES;
				CLANG_WARN_BOOL_CONVERSION = YES;
				CLANG_WARN_CONSTANT_CONVERSION = YES;
				CLANG_WARN_DIRECT_OBJC_ISA_USAGE = YES_ERROR;
				CLANG_WARN_DOCUMENTATION_COMMENTS = YES;
				CLANG_WARN_EMPTY_BODY = YES;
				CLANG_WARN_ENUM_CONVERSION = YES;
				CLANG_WARN_INFINITE_RECURSION = YES;
				CLANG_WARN_INT_CONVERSION = YES;
				CLANG_WARN_OBJC_ROOT_CLASS = YES_ERROR;
				CLANG_WARN_SUSPICIOUS_MOVE = YES;
				CLANG_WARN_UNREACHABLE_CODE = YES;
				CLANG_WARN__DUPLICATE_METHOD_MATCH = YES;
				"CODE_SIGN_IDENTITY[sdk=iphoneos*]" = "iPhone Developer";
				COPY_PHASE_STRIP = NO;
				DEBUG_INFORMATION_FORMAT = "dwarf-with-dsym";
				ENABLE_NS_ASSERTIONS = NO;
				ENABLE_STRICT_OBJC_MSGSEND = YES;
				GCC_C_LANGUAGE_STANDARD = gnu99;
				GCC_NO_COMMON_BLOCKS = YES;
				GCC_WARN_64_TO_32_BIT_CONVERSION = YES;
				GCC_WARN_ABOUT_RETURN_TYPE = YES_ERROR;
				GCC_WARN_UNDECLARED_SELECTOR = YES;
				GCC_WARN_UNINITIALIZED_AUTOS = YES_AGGRESSIVE;
				GCC_WARN_UNUSED_FUNCTION = YES;
				GCC_WARN_UNUSED_VARIABLE = YES;
				IPHONEOS_DEPLOYMENT_TARGET = 10.2;
				MTL_ENABLE_DEBUG_INFO = NO;
				SDKROOT = iphoneos;
				VALIDATE_PRODUCT = YES;
			};
			name = Release;
		};
		C190489F1E355AFB00C1BE8C /* Debug */ = {
			isa = XCBuildConfiguration;
			buildSettings = {
				ASSETCATALOG_COMPILER_APPICON_NAME = AppIcon;
				INFOPLIST_FILE = tipViewController/Info.plist;
				LD_RUNPATH_SEARCH_PATHS = "$(inherited) @executable_path/Frameworks";
				PRODUCT_BUNDLE_IDENTIFIER = willthai.tipViewController;
				PRODUCT_NAME = "$(TARGET_NAME)";
			};
			name = Debug;
		};
		C19048A01E355AFB00C1BE8C /* Release */ = {
			isa = XCBuildConfiguration;
			buildSettings = {
				ASSETCATALOG_COMPILER_APPICON_NAME = AppIcon;
				INFOPLIST_FILE = tipViewController/Info.plist;
				LD_RUNPATH_SEARCH_PATHS = "$(inherited) @executable_path/Frameworks";
				PRODUCT_BUNDLE_IDENTIFIER = willthai.tipViewController;
				PRODUCT_NAME = "$(TARGET_NAME)";
			};
			name = Release;
		};
/* End XCBuildConfiguration section */

/* Begin XCConfigurationList section */
		C19048821E355AFB00C1BE8C /* Build configuration list for PBXProject "tipViewController" */ = {
			isa = XCConfigurationList;
			buildConfigurations = (
				C190489C1E355AFB00C1BE8C /* Debug */,
				C190489D1E355AFB00C1BE8C /* Release */,
			);
			defaultConfigurationIsVisible = 0;
			defaultConfigurationName = Release;
		};
		C190489E1E355AFB00C1BE8C /* Build configuration list for PBXNativeTarget "tipViewController" */ = {
			isa = XCConfigurationList;
			buildConfigurations = (
				C190489F1E355AFB00C1BE8C /* Debug */,
				C19048A01E355AFB00C1BE8C /* Release */,
			);
			defaultConfigurationIsVisible = 0;
		};
/* End XCConfigurationList section */
	};
	rootObject = C190487F1E355AFB00C1BE8C /* Project object */;
}
